
Microsoft Visual Studio Solution File, Format Version 12.00
# Visual Studio Version 17
VisualStudioVersion = 17.1.32421.90
MinimumVisualStudioVersion = 10.0.40219.1
Project("{2150E333-8FDC-42A3-9474-1A3956D46DE8}") = "src", "src", "{1BCDEEB6-13BA-4589-988E-7A6C036A1A8B}"
EndProject
Project("{2150E333-8FDC-42A3-9474-1A3956D46DE8}") = "Core", "Core", "{AD5B4998-41C8-42EB-9EE5-9288A6642BC4}"
EndProject
Project("{2150E333-8FDC-42A3-9474-1A3956D46DE8}") = "Infraestructure", "Infraestructure", "{F5D2A5E1-A67F-4C59-9CFA-91286E9FB7EA}"
EndProject
Project("{2150E333-8FDC-42A3-9474-1A3956D46DE8}") = "Presentation", "Presentation", "{9573ADD1-69EC-415B-865D-D61E370C7367}"
EndProject
Project("{FAE04EC0-301F-11D3-BF4B-00C04F79EFBC}") = "Application", "Application\Application.csproj", "{156C9F1A-1FB9-4689-A2B5-3BF34D30B8E3}"
EndProject
Project("{FAE04EC0-301F-11D3-BF4B-00C04F79EFBC}") = "Domain", "Domain\Domain.csproj", "{D32D85F7-DDB5-4FF6-901D-CB6EFC4859FC}"
EndProject
Project("{FAE04EC0-301F-11D3-BF4B-00C04F79EFBC}") = "Persistence", "Persistence\Persistence.csproj", "{940CBBA8-9A26-4293-8462-0BAA9FB4481F}"
EndProject
Project("{FAE04EC0-301F-11D3-BF4B-00C04F79EFBC}") = "Shared", "Shared\Shared.csproj", "{D55F7124-879D-4902-AD9B-C380E703E109}"
EndProject
Project("{FAE04EC0-301F-11D3-BF4B-00C04F79EFBC}") = "WebAPI", "WebAPI\WebAPI.csproj", "{40E828EB-5BD2-470F-AC05-52869B10428E}"
EndProject
Global
	GlobalSection(SolutionConfigurationPlatforms) = preSolution
		Debug|Any CPU = Debug|Any CPU
		Release|Any CPU = Release|Any CPU
	EndGlobalSection
	GlobalSection(ProjectConfigurationPlatforms) = postSolution
		{156C9F1A-1FB9-4689-A2B5-3BF34D30B8E3}.Debug|Any CPU.ActiveCfg = Debug|Any CPU
		{156C9F1A-1FB9-4689-A2B5-3BF34D30B8E3}.Debug|Any CPU.Build.0 = Debug|Any CPU
		{156C9F1A-1FB9-4689-A2B5-3BF34D30B8E3}.Release|Any CPU.ActiveCfg = Release|Any CPU
		{156C9F1A-1FB9-4689-A2B5-3BF34D30B8E3}.Release|Any CPU.Build.0 = Release|Any CPU
		{D32D85F7-DDB5-4FF6-901D-CB6EFC4859FC}.Debug|Any CPU.ActiveCfg = Debug|Any CPU
		{D32D85F7-DDB5-4FF6-901D-CB6EFC4859FC}.Debug|Any CPU.Build.0 = Debug|Any CPU
		{D32D85F7-DDB5-4FF6-901D-CB6EFC4859FC}.Release|Any CPU.ActiveCfg = Release|Any CPU
		{D32D85F7-DDB5-4FF6-901D-CB6EFC4859FC}.Release|Any CPU.Build.0 = Release|Any CPU
		{940CBBA8-9A26-4293-8462-0BAA9FB4481F}.Debug|Any CPU.ActiveCfg = Debug|Any CPU
		{940CBBA8-9A26-4293-8462-0BAA9FB4481F}.Debug|Any CPU.Build.0 = Debug|Any CPU
		{940CBBA8-9A26-4293-8462-0BAA9FB4481F}.Release|Any CPU.ActiveCfg = Release|Any CPU
		{940CBBA8-9A26-4293-8462-0BAA9FB4481F}.Release|Any CPU.Build.0 = Release|Any CPU
		{D55F7124-879D-4902-AD9B-C380E703E109}.Debug|Any CPU.ActiveCfg = Debug|Any CPU
		{D55F7124-879D-4902-AD9B-C380E703E109}.Debug|Any CPU.Build.0 = Debug|Any CPU
		{D55F7124-879D-4902-AD9B-C380E703E109}.Release|Any CPU.ActiveCfg = Release|Any CPU
		{D55F7124-879D-4902-AD9B-C380E703E109}.Release|Any CPU.Build.0 = Release|Any CPU
		{40E828EB-5BD2-470F-AC05-52869B10428E}.Debug|Any CPU.ActiveCfg = Debug|Any CPU
		{40E828EB-5BD2-470F-AC05-52869B10428E}.Debug|Any CPU.Build.0 = Debug|Any CPU
		{40E828EB-5BD2-470F-AC05-52869B10428E}.Release|Any CPU.ActiveCfg = Release|Any CPU
		{40E828EB-5BD2-470F-AC05-52869B10428E}.Release|Any CPU.Build.0 = Release|Any CPU
	EndGlobalSection
	GlobalSection(SolutionProperties) = preSolution
		HideSolutionNode = FALSE
	EndGlobalSection
	GlobalSection(NestedProjects) = preSolution
		{AD5B4998-41C8-42EB-9EE5-9288A6642BC4} = {1BCDEEB6-13BA-4589-988E-7A6C036A1A8B}
		{F5D2A5E1-A67F-4C59-9CFA-91286E9FB7EA} = {1BCDEEB6-13BA-4589-988E-7A6C036A1A8B}
		{9573ADD1-69EC-415B-865D-D61E370C7367} = {1BCDEEB6-13BA-4589-988E-7A6C036A1A8B}
		{156C9F1A-1FB9-4689-A2B5-3BF34D30B8E3} = {AD5B4998-41C8-42EB-9EE5-9288A6642BC4}
		{D32D85F7-DDB5-4FF6-901D-CB6EFC4859FC} = {AD5B4998-41C8-42EB-9EE5-9288A6642BC4}
		{940CBBA8-9A26-4293-8462-0BAA9FB4481F} = {F5D2A5E1-A67F-4C59-9CFA-91286E9FB7EA}
		{D55F7124-879D-4902-AD9B-C380E703E109} = {F5D2A5E1-A67F-4C59-9CFA-91286E9FB7EA}
		{40E828EB-5BD2-470F-AC05-52869B10428E} = {9573ADD1-69EC-415B-865D-D61E370C7367}
	EndGlobalSection
	GlobalSection(ExtensibilityGlobals) = postSolution
		SolutionGuid = {96B1FA32-0549-4C58-B3A1-D18473B77809}
	EndGlobalSection
EndGlobal
